{
  "requires": true,
  "lockfileVersion": 1,
  "dependencies": {
    "mini-ali-ui": {
      "version": "1.0.6",
      "resolved": "https://registry.npmjs.org/mini-ali-ui/-/mini-ali-ui-1.0.6.tgz",
      "integrity": "sha512-UbV1+osqezKONm+et/Z72vKMb/5Rd7Har50vMlAy1oD3OHrrnB3F+QhPZK+xhCSRMEEQLbAmGT34ZyQhE3kzmg=="
    }
  }
}
